{
    "_readme": [
        "This file locks the dependencies of your project to a known state",
        "Read more about it at https://getcomposer.org/doc/01-basic-usage.md#composer-lock-the-lock-file",
        "This file is @generated automatically"
    ],
    "hash": "788bf955423a964a743eea938c6e538c",
    "content-hash": "7df7950b94f29bd44d12af204ab14940",
    "packages": [
        {
            "name": "psr/log",
            "version": "1.0.0",
            "source": {
                "type": "git",
                "url": "https://github.com/php-fig/log.git",
                "reference": "fe0936ee26643249e916849d48e3a51d5f5e278b"
            },
            "dist": {
                "type": "zip",
                "url": "https://api.github.com/repos/php-fig/log/zipball/fe0936ee26643249e916849d48e3a51d5f5e278b",
                "reference": "fe0936ee26643249e916849d48e3a51d5f5e278b",
                "shasum": ""
            },
            "type": "library",
            "autoload": {
                "psr-0": {
                    "Psr\\Log\\": ""
                }
            },
            "notification-url": "https://packagist.org/downloads/",
            "license": [
                "MIT"
            ],
            "authors": [
                {
                    "name": "PHP-FIG",
                    "homepage": "http://www.php-fig.org/"
                }
            ],
            "description": "Common interface for logging libraries",
            "keywords": [
                "log",
                "psr",
                "psr-3"
            ],
            "time": "2012-12-21 11:40:51"
        },
        {
            "name": "tekkla/core-storage",
            "version": "1.0.0",
            "source": {
                "type": "git",
                "url": "https://github.com/tekkla/core-storage.git",
                "reference": "f76382ab8eb5dedbc9b2a389b139f1fd57d46074"
            },
            "dist": {
                "type": "zip",
                "url": "https://api.github.com/repos/tekkla/core-storage/zipball/f76382ab8eb5dedbc9b2a389b139f1fd57d46074",
                "reference": "f76382ab8eb5dedbc9b2a389b139f1fd57d46074",
                "shasum": ""
            },
            "require": {
                "php": ">=7.0.0"
            },
            "type": "library",
            "autoload": {
                "psr-0": {
                    "Core\\Storage": ""
                }
            },
            "notification-url": "https://packagist.org/downloads/",
            "license": [
                "MIT"
            ],
            "authors": [
                {
                    "name": "Michael Zorn",
                    "email": "tekkla@tekkla.de",
                    "role": "Developder"
                }
            ],
            "description": "A simple OOP storage library with iteration and array access.",
            "homepage": "https://github.com/Tekkla/core-storage",
            "keywords": [
                "array",
                "iteration",
                "storage"
            ],
            "time": "2016-05-24 18:54:45"
        },
        {
            "name": "tekkla/core-toolbox",
            "version": "0.0.7.0",
            "source": {
                "type": "git",
                "url": "https://github.com/tekkla/core-toolbox.git",
                "reference": "bb84435dd5c40d9916e8a47838a13f3f12511c61"
            },
            "dist": {
                "type": "zip",
                "url": "https://api.github.com/repos/tekkla/core-toolbox/zipball/bb84435dd5c40d9916e8a47838a13f3f12511c61",
                "reference": "bb84435dd5c40d9916e8a47838a13f3f12511c61",
                "shasum": ""
            },
            "require": {
                "php": ">=7.0.0",
                "psr/log": "1.0.0"
            },
            "type": "library",
            "autoload": {
                "psr-0": {
                    "Core\\Toolbox": ""
                }
            },
            "notification-url": "https://packagist.org/downloads/",
            "license": [
                "MIT"
            ],
            "authors": [
                {
                    "name": "Michael Zorn",
                    "email": "tekkla@tekkla.de",
                    "role": "Developer"
                }
            ],
            "description": "Toolbox of classes and function to check variables, manipulate arrays, do file actions and much more. It's a collection of tools that get used in some of my core libs.",
            "homepage": "https://github.com/Tekkla/core-toolbox",
            "keywords": [
                "Toolbox",
                "core",
                "functions"
            ],
            "time": "2016-08-07 14:45:49"
        }
    ],
    "packages-dev": [],
    "aliases": [],
    "minimum-stability": "stable",
    "stability-flags": [],
    "prefer-stable": false,
    "prefer-lowest": false,
    "platform": {
        "php": ">=7.0.0"
    },
    "platform-dev": []
}
